
Microsoft Visual Studio Solution File, Format Version 12.00
# Visual Studio 15
VisualStudioVersion = 15.0.28307.572
MinimumVisualStudioVersion = 10.0.40219.1
Project("{FAE04EC0-301F-11D3-BF4B-00C04F79EFBC}") = "AccountManagement.Core", "AccountManagement.Core\AccountManagement.Core.csproj", "{4104A48A-9715-4F34-A0F5-A835EFC1FF76}"
EndProject
Project("{FAE04EC0-301F-11D3-BF4B-00C04F79EFBC}") = "AccountManagement.Test", "AccountManagement.Test\AccountManagement.Test.csproj", "{C3E3279D-FC3C-4FC9-B853-522EB8B00BD7}"
EndProject
Global
	GlobalSection(SolutionConfigurationPlatforms) = preSolution
		Debug|Any CPU = Debug|Any CPU
		Release|Any CPU = Release|Any CPU
	EndGlobalSection
	GlobalSection(ProjectConfigurationPlatforms) = postSolution
		{4104A48A-9715-4F34-A0F5-A835EFC1FF76}.Debug|Any CPU.ActiveCfg = Debug|Any CPU
		{4104A48A-9715-4F34-A0F5-A835EFC1FF76}.Debug|Any CPU.Build.0 = Debug|Any CPU
		{4104A48A-9715-4F34-A0F5-A835EFC1FF76}.Release|Any CPU.ActiveCfg = Release|Any CPU
		{4104A48A-9715-4F34-A0F5-A835EFC1FF76}.Release|Any CPU.Build.0 = Release|Any CPU
		{C3E3279D-FC3C-4FC9-B853-522EB8B00BD7}.Debug|Any CPU.ActiveCfg = Debug|Any CPU
		{C3E3279D-FC3C-4FC9-B853-522EB8B00BD7}.Debug|Any CPU.Build.0 = Debug|Any CPU
		{C3E3279D-FC3C-4FC9-B853-522EB8B00BD7}.Release|Any CPU.ActiveCfg = Release|Any CPU
		{C3E3279D-FC3C-4FC9-B853-522EB8B00BD7}.Release|Any CPU.Build.0 = Release|Any CPU
	EndGlobalSection
	GlobalSection(SolutionProperties) = preSolution
		HideSolutionNode = FALSE
	EndGlobalSection
	GlobalSection(ExtensibilityGlobals) = postSolution
		SolutionGuid = {81A817C7-E374-42B9-81D6-BE43B51D517B}
	EndGlobalSection
EndGlobal
